
Microsoft Visual Studio Solution File, Format Version 12.00
# Visual Studio Version 16
VisualStudioVersion = 16.0.32228.343
MinimumVisualStudioVersion = 10.0.40219.1
Project("{D2ABAB84-BF74-430A-B69E-9DC6D40DDA17}") = "Desafio_2_Northwind_CV152055", "Desafio_2_Northwind_CV152055\Desafio_2_Northwind_CV152055.dwproj", "{8A1F95F2-3E52-4765-B7E3-250FA2246AB6}"
EndProject
Global
	GlobalSection(SolutionConfigurationPlatforms) = preSolution
		Development|Default = Development|Default
	EndGlobalSection
	GlobalSection(ProjectConfigurationPlatforms) = postSolution
		{8A1F95F2-3E52-4765-B7E3-250FA2246AB6}.Development|Default.ActiveCfg = Development
		{8A1F95F2-3E52-4765-B7E3-250FA2246AB6}.Development|Default.Build.0 = Development
		{8A1F95F2-3E52-4765-B7E3-250FA2246AB6}.Development|Default.Deploy.0 = Development
	EndGlobalSection
	GlobalSection(SolutionProperties) = preSolution
		HideSolutionNode = FALSE
	EndGlobalSection
	GlobalSection(ExtensibilityGlobals) = postSolution
		SolutionGuid = {63A9AF45-EADA-4ECA-AFAB-AAD160A0184F}
	EndGlobalSection
EndGlobal
